
Microsoft Visual Studio Solution File, Format Version 12.00
# Visual Studio 15
VisualStudioVersion = 15.0.26228.9
MinimumVisualStudioVersion = 10.0.40219.1
Project("{9A19103F-16F7-4668-BE54-9A1E7A4F7556}") = "LagoVista.IoT.Verifiers.Rest", "src\LagoVista.IoT.Verifiers.Rest\LagoVista.IoT.Verifiers.Rest.csproj", "{BAADE84F-5F6C-486A-B881-C0BE2C7A66EB}"
EndProject
Project("{9A19103F-16F7-4668-BE54-9A1E7A4F7556}") = "LagoVista.IoT.Verifiers.CloudRepos", "src\LagoVista.IoT.Verifiers.CloudRepos\LagoVista.IoT.Verifiers.CloudRepos.csproj", "{BBFEB722-7D96-41CA-87B9-25F5FA256788}"
EndProject
Project("{9A19103F-16F7-4668-BE54-9A1E7A4F7556}") = "LagoVista.IoT.Verifiers", "src\LagoVista.IoT.Verifiers\LagoVista.IoT.Verifiers.csproj", "{A9107A7C-6920-4782-8A7D-3A9F44A731B4}"
EndProject
Project("{2150E333-8FDC-42A3-9474-1A3956D46DE8}") = "src", "src", "{20E1CAC8-8F0A-42E5-B9D9-F7606C1D1036}"
EndProject
Project("{2150E333-8FDC-42A3-9474-1A3956D46DE8}") = "tests", "tests", "{A2BC5D31-6042-4BB3-B826-267AB544A5A3}"
EndProject
Project("{FAE04EC0-301F-11D3-BF4B-00C04F79EFBC}") = "LagoVista.IoT.Verifiers.Tests", "Tests\LagoVista.IoT.Verifiers.Tests\LagoVista.IoT.Verifiers.Tests.csproj", "{456566E5-46ED-413B-88C8-8DD8B4CC2A1B}"
EndProject
Global
	GlobalSection(SolutionConfigurationPlatforms) = preSolution
		Debug|Any CPU = Debug|Any CPU
		Release|Any CPU = Release|Any CPU
	EndGlobalSection
	GlobalSection(ProjectConfigurationPlatforms) = postSolution
		{BAADE84F-5F6C-486A-B881-C0BE2C7A66EB}.Debug|Any CPU.ActiveCfg = Debug|Any CPU
		{BAADE84F-5F6C-486A-B881-C0BE2C7A66EB}.Debug|Any CPU.Build.0 = Debug|Any CPU
		{BAADE84F-5F6C-486A-B881-C0BE2C7A66EB}.Release|Any CPU.ActiveCfg = Release|Any CPU
		{BAADE84F-5F6C-486A-B881-C0BE2C7A66EB}.Release|Any CPU.Build.0 = Release|Any CPU
		{BBFEB722-7D96-41CA-87B9-25F5FA256788}.Debug|Any CPU.ActiveCfg = Debug|Any CPU
		{BBFEB722-7D96-41CA-87B9-25F5FA256788}.Debug|Any CPU.Build.0 = Debug|Any CPU
		{BBFEB722-7D96-41CA-87B9-25F5FA256788}.Release|Any CPU.ActiveCfg = Release|Any CPU
		{BBFEB722-7D96-41CA-87B9-25F5FA256788}.Release|Any CPU.Build.0 = Release|Any CPU
		{A9107A7C-6920-4782-8A7D-3A9F44A731B4}.Debug|Any CPU.ActiveCfg = Debug|Any CPU
		{A9107A7C-6920-4782-8A7D-3A9F44A731B4}.Debug|Any CPU.Build.0 = Debug|Any CPU
		{A9107A7C-6920-4782-8A7D-3A9F44A731B4}.Release|Any CPU.ActiveCfg = Release|Any CPU
		{A9107A7C-6920-4782-8A7D-3A9F44A731B4}.Release|Any CPU.Build.0 = Release|Any CPU
		{456566E5-46ED-413B-88C8-8DD8B4CC2A1B}.Debug|Any CPU.ActiveCfg = Debug|Any CPU
		{456566E5-46ED-413B-88C8-8DD8B4CC2A1B}.Debug|Any CPU.Build.0 = Debug|Any CPU
		{456566E5-46ED-413B-88C8-8DD8B4CC2A1B}.Release|Any CPU.ActiveCfg = Release|Any CPU
		{456566E5-46ED-413B-88C8-8DD8B4CC2A1B}.Release|Any CPU.Build.0 = Release|Any CPU
	EndGlobalSection
	GlobalSection(SolutionProperties) = preSolution
		HideSolutionNode = FALSE
	EndGlobalSection
	GlobalSection(NestedProjects) = preSolution
		{BAADE84F-5F6C-486A-B881-C0BE2C7A66EB} = {20E1CAC8-8F0A-42E5-B9D9-F7606C1D1036}
		{BBFEB722-7D96-41CA-87B9-25F5FA256788} = {20E1CAC8-8F0A-42E5-B9D9-F7606C1D1036}
		{A9107A7C-6920-4782-8A7D-3A9F44A731B4} = {20E1CAC8-8F0A-42E5-B9D9-F7606C1D1036}
		{456566E5-46ED-413B-88C8-8DD8B4CC2A1B} = {A2BC5D31-6042-4BB3-B826-267AB544A5A3}
	EndGlobalSection
EndGlobal
